
Microsoft Visual Studio Solution File, Format Version 12.00
# Visual Studio 15
VisualStudioVersion = 15.0.27004.2009
MinimumVisualStudioVersion = 10.0.40219.1
Project("{FAE04EC0-301F-11D3-BF4B-00C04F79EFBC}") = "TodoWebApp", "TodoWebApp\TodoWebApp.csproj", "{4F721D06-A9B7-4965-97C3-832CAB40C8C6}"
EndProject
Project("{FAE04EC0-301F-11D3-BF4B-00C04F79EFBC}") = "TodoWebApp.Tests", "TodoWebApp.Tests\TodoWebApp.Tests.csproj", "{AC99D572-658E-482F-A1E5-F4BE1ECF671E}"
EndProject
Global
	GlobalSection(SolutionConfigurationPlatforms) = preSolution
		Debug|Any CPU = Debug|Any CPU
		Release|Any CPU = Release|Any CPU
	EndGlobalSection
	GlobalSection(ProjectConfigurationPlatforms) = postSolution
		{4F721D06-A9B7-4965-97C3-832CAB40C8C6}.Debug|Any CPU.ActiveCfg = Debug|Any CPU
		{4F721D06-A9B7-4965-97C3-832CAB40C8C6}.Debug|Any CPU.Build.0 = Debug|Any CPU
		{4F721D06-A9B7-4965-97C3-832CAB40C8C6}.Release|Any CPU.ActiveCfg = Release|Any CPU
		{4F721D06-A9B7-4965-97C3-832CAB40C8C6}.Release|Any CPU.Build.0 = Release|Any CPU
		{AC99D572-658E-482F-A1E5-F4BE1ECF671E}.Debug|Any CPU.ActiveCfg = Debug|Any CPU
		{AC99D572-658E-482F-A1E5-F4BE1ECF671E}.Debug|Any CPU.Build.0 = Debug|Any CPU
		{AC99D572-658E-482F-A1E5-F4BE1ECF671E}.Release|Any CPU.ActiveCfg = Release|Any CPU
		{AC99D572-658E-482F-A1E5-F4BE1ECF671E}.Release|Any CPU.Build.0 = Release|Any CPU
	EndGlobalSection
	GlobalSection(SolutionProperties) = preSolution
		HideSolutionNode = FALSE
	EndGlobalSection
	GlobalSection(ExtensibilityGlobals) = postSolution
		SolutionGuid = {925E18AC-ACDF-4486-95F9-7744918EA6AE}
	EndGlobalSection
EndGlobal
